
Microsoft Visual Studio Solution File, Format Version 12.00
# Visual Studio Version 17
VisualStudioVersion = 17.9.34714.143
MinimumVisualStudioVersion = 10.0.40219.1
Project("{FAE04EC0-301F-11D3-BF4B-00C04F79EFBC}") = "Knight.Application", "Knight.Application\Knight.Application.csproj", "{830090E0-B2B0-41D1-BEC0-2C03A1D3B57F}"
EndProject
Project("{FAE04EC0-301F-11D3-BF4B-00C04F79EFBC}") = "Knight.Infra", "Knight.Infra\Knight.Infra.csproj", "{C755D61C-9ED7-4E1A-BF87-A04F78BA38EC}"
EndProject
Project("{2150E333-8FDC-42A3-9474-1A3956D46DE8}") = "Solution Items", "Solution Items", "{B06D9D2D-7D34-41FE-AE4A-82AC8A21D7DC}"
	ProjectSection(SolutionItems) = preProject
		docker-compose.yml = docker-compose.yml
	EndProjectSection
EndProject
Project("{9A19103F-16F7-4668-BE54-9A1E7A4F7556}") = "Knight.API", "Knight.API\Knight.API.csproj", "{249229D4-BD3E-42F4-8F8F-D296D8812345}"
EndProject
Global
	GlobalSection(SolutionConfigurationPlatforms) = preSolution
		Debug|Any CPU = Debug|Any CPU
		Release|Any CPU = Release|Any CPU
	EndGlobalSection
	GlobalSection(ProjectConfigurationPlatforms) = postSolution
		{830090E0-B2B0-41D1-BEC0-2C03A1D3B57F}.Debug|Any CPU.ActiveCfg = Debug|Any CPU
		{830090E0-B2B0-41D1-BEC0-2C03A1D3B57F}.Debug|Any CPU.Build.0 = Debug|Any CPU
		{830090E0-B2B0-41D1-BEC0-2C03A1D3B57F}.Release|Any CPU.ActiveCfg = Release|Any CPU
		{830090E0-B2B0-41D1-BEC0-2C03A1D3B57F}.Release|Any CPU.Build.0 = Release|Any CPU
		{C755D61C-9ED7-4E1A-BF87-A04F78BA38EC}.Debug|Any CPU.ActiveCfg = Debug|Any CPU
		{C755D61C-9ED7-4E1A-BF87-A04F78BA38EC}.Debug|Any CPU.Build.0 = Debug|Any CPU
		{C755D61C-9ED7-4E1A-BF87-A04F78BA38EC}.Release|Any CPU.ActiveCfg = Release|Any CPU
		{C755D61C-9ED7-4E1A-BF87-A04F78BA38EC}.Release|Any CPU.Build.0 = Release|Any CPU
		{249229D4-BD3E-42F4-8F8F-D296D8812345}.Debug|Any CPU.ActiveCfg = Debug|Any CPU
		{249229D4-BD3E-42F4-8F8F-D296D8812345}.Debug|Any CPU.Build.0 = Debug|Any CPU
		{249229D4-BD3E-42F4-8F8F-D296D8812345}.Release|Any CPU.ActiveCfg = Release|Any CPU
		{249229D4-BD3E-42F4-8F8F-D296D8812345}.Release|Any CPU.Build.0 = Release|Any CPU
	EndGlobalSection
	GlobalSection(SolutionProperties) = preSolution
		HideSolutionNode = FALSE
	EndGlobalSection
	GlobalSection(ExtensibilityGlobals) = postSolution
		SolutionGuid = {D658632F-BEE1-4478-B8E6-9EB2F87ADC36}
	EndGlobalSection
EndGlobal
